<?xml version="1.0" encoding="UTF-8" standalone="yes" ?>
<CodeBlocks_project_file>
	<FileVersion major="1" minor="6" />
	<Project>
		<Option title="Cortex-M3" />
		<Option pch_mode="2" />
		<Option compiler="yaourt_gnu_arm_gcc_compiler" />
		<Option virtualFolders="Notas/;" />
		<Build>
			<Target title="Release">
				<Option output="bin/Release/CM3" prefix_auto="1" extension_auto="1" />
				<Option working_dir="" />
				<Option object_output="obj/Release/" />
				<Option type="5" />
				<Option compiler="yaourt_gnu_arm_gcc_compiler" />
				<Compiler>
					<Add option="-fexpensive-optimizations" />
					<Add option="-Os" />
					<Add option="-DMODULO_ST" />
				</Compiler>
				<Linker>
					<Add option="-s" />
				</Linker>
				<ExtraCommands>
					<Add after="arm-none-eabi-objcopy -O ihex bin/Release/CM3 bin/Release/CM3.hex" />
					<Add after="arm-none-eabi-objcopy -O srec bin/Release/CM3 bin/Release/CM3.s19" />
					<Add after="arm-none-eabi-objcopy -O binary bin/Release/CM3 bin/Release/CM3.bin" />
					<Add after="arm-none-eabi-size bin/Release/CM3" />
					<Add after="pwd" />
					<Add after="st-flash erase" />
					<Add after="st-flash --reset write bin/Release/CM3.bin 0x08000000" />
					<Add after="arm-none-eabi-objdump -d -M intel -S bin/Debug/CM3 &gt; CM3.lst" />
					<Mode after="always" />
				</ExtraCommands>
			</Target>
			<Target title="Debug">
				<Option output="bin/Debug/CM3" prefix_auto="1" extension_auto="1" />
				<Option working_dir="" />
				<Option object_output="obj/Debug/" />
				<Option type="5" />
				<Option compiler="yaourt_gnu_arm_gcc_compiler" />
				<Compiler>
					<Add option="-g" />
					<Add option="-gdwarf-2" />
					<Add option="-DMODULO_ST" />
				</Compiler>
				<ExtraCommands>
					<Add after="arm-none-eabi-objcopy -O ihex bin/Debug/CM3 bin/Debug/CM3.hex" />
					<Add after="arm-none-eabi-objcopy -O binary bin/Debug/CM3 bin/Debug/CM3.bin" />
					<Add after="arm-none-eabi-size bin/Debug/CM3" />
					<Add after="arm-none-eabi-objdump -d -M intel -S bin/Debug/CM3 &gt; CM3.lst" />
					<Mode after="always" />
				</ExtraCommands>
				<MakeCommands>
					<Build command="" />
					<CompileFile command="" />
					<Clean command="" />
					<DistClean command="" />
					<AskRebuildNeeded command="" />
					<SilentBuild command=" &gt; $(CMD_NULL)" />
				</MakeCommands>
			</Target>
			<Target title="Unlock STM32">
				<Option output="IN030" prefix_auto="1" extension_auto="1" />
				<Option working_dir="" />
				<Option type="5" />
				<Option compiler="yaourt_gnu_arm_gcc_compiler" />
				<ExtraCommands>
					<Add after='openocd -f board/stm32f0discovery.cfg -c &quot;init&quot; -c &quot;halt&quot; -c &quot;stm32f0x unlock 0&quot; -c &quot;reset init&quot;  -c &quot;flash info 0&quot; -c &quot;shutdown&quot;' />
					<Mode after="always" />
				</ExtraCommands>
			</Target>
		</Build>
		<Compiler>
			<Add option="-Wextra" />
			<Add option="-Wall" />
			<Add option="-mcpu=cortex-m3  -mthumb -mlittle-endian -fomit-frame-pointer -Wall -fdata-sections -ffunction-sections -Wstrict-prototypes -fverbose-asm -nostdlib" />
			<Add option="-DSTM32F103xB" />
			<Add directory="Inc" />
			<Add directory="ThirdParty/FreeRTOS/include" />
			<Add directory="ThirdParty/STM32F1xx_HAL_Driver/Inc" />
			<Add directory="ThirdParty/CMSIS/Include" />
			<Add directory="ThirdParty/CMSIS/Device/ST/STM32F1xx/Include" />
		</Compiler>
		<Linker>
			<Add option="-mthumb -mcpu=cortex-m3  -TSTM32F103VB_FLASH.ld -Wl,-Map=project.map,--cref,--no-warn-mismatch -nostartfiles -specs=nano.specs" />
			<Add library="../../../../../usr/arm-none-eabi/lib/thumb/libm.a" />
			<Add library="../../../../../usr/arm-none-eabi/lib/thumb/libc_nano.a" />
		</Linker>
		<Unit filename="CM3.lst" />
		<Unit filename="Inc/FreeRTOSConfig.h" />
		<Unit filename="Inc/gpio.h" />
		<Unit filename="Inc/main.h" />
		<Unit filename="Inc/stm32f1xx_hal_conf.h" />
		<Unit filename="Inc/stm32f1xx_it.h" />
		<Unit filename="STM32F103VB_FLASH.ld" />
		<Unit filename="Src/gpio.c">
			<Option compilerVar="CC" />
		</Unit>
		<Unit filename="Src/main.c">
			<Option compilerVar="CC" />
		</Unit>
		<Unit filename="Src/startup_stm32f103xb.s" />
		<Unit filename="Src/stm32f1xx_it.c">
			<Option compilerVar="CC" />
		</Unit>
		<Unit filename="Src/system_stm32f1xx.c">
			<Option compilerVar="CC" />
		</Unit>
		<Unit filename="thirdparty/CMSIS/Device/ST/STM32F1xx/Include/stm32f1xx.h" />
		<Unit filename="thirdparty/FreeRTOS/CMSIS_RTOS/cmsis_os.c">
			<Option compilerVar="CC" />
		</Unit>
		<Unit filename="thirdparty/FreeRTOS/CMSIS_RTOS/cmsis_os.h" />
		<Unit filename="thirdparty/FreeRTOS/croutine.c">
			<Option compilerVar="CC" />
		</Unit>
		<Unit filename="thirdparty/FreeRTOS/event_groups.c">
			<Option compilerVar="CC" />
		</Unit>
		<Unit filename="thirdparty/FreeRTOS/heap_2.c">
			<Option compilerVar="CC" />
		</Unit>
		<Unit filename="thirdparty/FreeRTOS/include/FreeRTOS.h" />
		<Unit filename="thirdparty/FreeRTOS/include/StackMacros.h" />
		<Unit filename="thirdparty/FreeRTOS/include/croutine.h" />
		<Unit filename="thirdparty/FreeRTOS/include/deprecated_definitions.h" />
		<Unit filename="thirdparty/FreeRTOS/include/event_groups.h" />
		<Unit filename="thirdparty/FreeRTOS/include/list.h" />
		<Unit filename="thirdparty/FreeRTOS/include/mpu_prototypes.h" />
		<Unit filename="thirdparty/FreeRTOS/include/mpu_wrappers.h" />
		<Unit filename="thirdparty/FreeRTOS/include/portable.h" />
		<Unit filename="thirdparty/FreeRTOS/include/portmacro.h" />
		<Unit filename="thirdparty/FreeRTOS/include/projdefs.h" />
		<Unit filename="thirdparty/FreeRTOS/include/queue.h" />
		<Unit filename="thirdparty/FreeRTOS/include/semphr.h" />
		<Unit filename="thirdparty/FreeRTOS/include/task.h" />
		<Unit filename="thirdparty/FreeRTOS/include/timers.h" />
		<Unit filename="thirdparty/FreeRTOS/list.c">
			<Option compilerVar="CC" />
		</Unit>
		<Unit filename="thirdparty/FreeRTOS/port.c">
			<Option compilerVar="CC" />
		</Unit>
		<Unit filename="thirdparty/FreeRTOS/portable/readme.txt" />
		<Unit filename="thirdparty/FreeRTOS/queue.c">
			<Option compilerVar="CC" />
		</Unit>
		<Unit filename="thirdparty/FreeRTOS/readme.txt" />
		<Unit filename="thirdparty/FreeRTOS/tasks.c">
			<Option compilerVar="CC" />
		</Unit>
		<Unit filename="thirdparty/FreeRTOS/timers.c">
			<Option compilerVar="CC" />
		</Unit>
		<Unit filename="thirdparty/STM32F1xx_HAL_Driver/Inc/Legacy/stm32_hal_legacy.h" />
		<Unit filename="thirdparty/STM32F1xx_HAL_Driver/Inc/stm32f1xx_hal.h" />
		<Unit filename="thirdparty/STM32F1xx_HAL_Driver/Inc/stm32f1xx_hal_adc.h" />
		<Unit filename="thirdparty/STM32F1xx_HAL_Driver/Inc/stm32f1xx_hal_adc_ex.h" />
		<Unit filename="thirdparty/STM32F1xx_HAL_Driver/Inc/stm32f1xx_hal_can.h" />
		<Unit filename="thirdparty/STM32F1xx_HAL_Driver/Inc/stm32f1xx_hal_can_ex.h" />
		<Unit filename="thirdparty/STM32F1xx_HAL_Driver/Inc/stm32f1xx_hal_cec.h" />
		<Unit filename="thirdparty/STM32F1xx_HAL_Driver/Inc/stm32f1xx_hal_conf_template.h" />
		<Unit filename="thirdparty/STM32F1xx_HAL_Driver/Inc/stm32f1xx_hal_cortex.h" />
		<Unit filename="thirdparty/STM32F1xx_HAL_Driver/Inc/stm32f1xx_hal_crc.h" />
		<Unit filename="thirdparty/STM32F1xx_HAL_Driver/Inc/stm32f1xx_hal_dac.h" />
		<Unit filename="thirdparty/STM32F1xx_HAL_Driver/Inc/stm32f1xx_hal_dac_ex.h" />
		<Unit filename="thirdparty/STM32F1xx_HAL_Driver/Inc/stm32f1xx_hal_def.h" />
		<Unit filename="thirdparty/STM32F1xx_HAL_Driver/Inc/stm32f1xx_hal_dma.h" />
		<Unit filename="thirdparty/STM32F1xx_HAL_Driver/Inc/stm32f1xx_hal_dma_ex.h" />
		<Unit filename="thirdparty/STM32F1xx_HAL_Driver/Inc/stm32f1xx_hal_eth.h" />
		<Unit filename="thirdparty/STM32F1xx_HAL_Driver/Inc/stm32f1xx_hal_flash.h" />
		<Unit filename="thirdparty/STM32F1xx_HAL_Driver/Inc/stm32f1xx_hal_flash_ex.h" />
		<Unit filename="thirdparty/STM32F1xx_HAL_Driver/Inc/stm32f1xx_hal_gpio.h" />
		<Unit filename="thirdparty/STM32F1xx_HAL_Driver/Inc/stm32f1xx_hal_gpio_ex.h" />
		<Unit filename="thirdparty/STM32F1xx_HAL_Driver/Inc/stm32f1xx_hal_hcd.h" />
		<Unit filename="thirdparty/STM32F1xx_HAL_Driver/Inc/stm32f1xx_hal_i2c.h" />
		<Unit filename="thirdparty/STM32F1xx_HAL_Driver/Inc/stm32f1xx_hal_i2s.h" />
		<Unit filename="thirdparty/STM32F1xx_HAL_Driver/Inc/stm32f1xx_hal_irda.h" />
		<Unit filename="thirdparty/STM32F1xx_HAL_Driver/Inc/stm32f1xx_hal_iwdg.h" />
		<Unit filename="thirdparty/STM32F1xx_HAL_Driver/Inc/stm32f1xx_hal_nand.h" />
		<Unit filename="thirdparty/STM32F1xx_HAL_Driver/Inc/stm32f1xx_hal_nor.h" />
		<Unit filename="thirdparty/STM32F1xx_HAL_Driver/Inc/stm32f1xx_hal_pccard.h" />
		<Unit filename="thirdparty/STM32F1xx_HAL_Driver/Inc/stm32f1xx_hal_pcd.h" />
		<Unit filename="thirdparty/STM32F1xx_HAL_Driver/Inc/stm32f1xx_hal_pcd_ex.h" />
		<Unit filename="thirdparty/STM32F1xx_HAL_Driver/Inc/stm32f1xx_hal_pwr.h" />
		<Unit filename="thirdparty/STM32F1xx_HAL_Driver/Inc/stm32f1xx_hal_rcc.h" />
		<Unit filename="thirdparty/STM32F1xx_HAL_Driver/Inc/stm32f1xx_hal_rcc_ex.h" />
		<Unit filename="thirdparty/STM32F1xx_HAL_Driver/Inc/stm32f1xx_hal_rtc.h" />
		<Unit filename="thirdparty/STM32F1xx_HAL_Driver/Inc/stm32f1xx_hal_rtc_ex.h" />
		<Unit filename="thirdparty/STM32F1xx_HAL_Driver/Inc/stm32f1xx_hal_sd.h" />
		<Unit filename="thirdparty/STM32F1xx_HAL_Driver/Inc/stm32f1xx_hal_smartcard.h" />
		<Unit filename="thirdparty/STM32F1xx_HAL_Driver/Inc/stm32f1xx_hal_spi.h" />
		<Unit filename="thirdparty/STM32F1xx_HAL_Driver/Inc/stm32f1xx_hal_sram.h" />
		<Unit filename="thirdparty/STM32F1xx_HAL_Driver/Inc/stm32f1xx_hal_tim.h" />
		<Unit filename="thirdparty/STM32F1xx_HAL_Driver/Inc/stm32f1xx_hal_tim_ex.h" />
		<Unit filename="thirdparty/STM32F1xx_HAL_Driver/Inc/stm32f1xx_hal_uart.h" />
		<Unit filename="thirdparty/STM32F1xx_HAL_Driver/Inc/stm32f1xx_hal_usart.h" />
		<Unit filename="thirdparty/STM32F1xx_HAL_Driver/Inc/stm32f1xx_hal_wwdg.h" />
		<Unit filename="thirdparty/STM32F1xx_HAL_Driver/Inc/stm32f1xx_ll_fsmc.h" />
		<Unit filename="thirdparty/STM32F1xx_HAL_Driver/Inc/stm32f1xx_ll_sdmmc.h" />
		<Unit filename="thirdparty/STM32F1xx_HAL_Driver/Inc/stm32f1xx_ll_usb.h" />
		<Unit filename="thirdparty/STM32F1xx_HAL_Driver/Src/stm32f1xx_hal.c">
			<Option compilerVar="CC" />
		</Unit>
		<Unit filename="thirdparty/STM32F1xx_HAL_Driver/Src/stm32f1xx_hal_adc.c">
			<Option compilerVar="CC" />
		</Unit>
		<Unit filename="thirdparty/STM32F1xx_HAL_Driver/Src/stm32f1xx_hal_adc_ex.c">
			<Option compilerVar="CC" />
		</Unit>
		<Unit filename="thirdparty/STM32F1xx_HAL_Driver/Src/stm32f1xx_hal_can.c">
			<Option compilerVar="CC" />
		</Unit>
		<Unit filename="thirdparty/STM32F1xx_HAL_Driver/Src/stm32f1xx_hal_cec.c">
			<Option compilerVar="CC" />
		</Unit>
		<Unit filename="thirdparty/STM32F1xx_HAL_Driver/Src/stm32f1xx_hal_cortex.c">
			<Option compilerVar="CC" />
		</Unit>
		<Unit filename="thirdparty/STM32F1xx_HAL_Driver/Src/stm32f1xx_hal_crc.c">
			<Option compilerVar="CC" />
		</Unit>
		<Unit filename="thirdparty/STM32F1xx_HAL_Driver/Src/stm32f1xx_hal_dac.c">
			<Option compilerVar="CC" />
		</Unit>
		<Unit filename="thirdparty/STM32F1xx_HAL_Driver/Src/stm32f1xx_hal_dac_ex.c">
			<Option compilerVar="CC" />
		</Unit>
		<Unit filename="thirdparty/STM32F1xx_HAL_Driver/Src/stm32f1xx_hal_dma.c">
			<Option compilerVar="CC" />
		</Unit>
		<Unit filename="thirdparty/STM32F1xx_HAL_Driver/Src/stm32f1xx_hal_eth.c">
			<Option compilerVar="CC" />
		</Unit>
		<Unit filename="thirdparty/STM32F1xx_HAL_Driver/Src/stm32f1xx_hal_flash.c">
			<Option compilerVar="CC" />
		</Unit>
		<Unit filename="thirdparty/STM32F1xx_HAL_Driver/Src/stm32f1xx_hal_flash_ex.c">
			<Option compilerVar="CC" />
		</Unit>
		<Unit filename="thirdparty/STM32F1xx_HAL_Driver/Src/stm32f1xx_hal_gpio.c">
			<Option compilerVar="CC" />
		</Unit>
		<Unit filename="thirdparty/STM32F1xx_HAL_Driver/Src/stm32f1xx_hal_gpio_ex.c">
			<Option compilerVar="CC" />
		</Unit>
		<Unit filename="thirdparty/STM32F1xx_HAL_Driver/Src/stm32f1xx_hal_hcd.c">
			<Option compilerVar="CC" />
		</Unit>
		<Unit filename="thirdparty/STM32F1xx_HAL_Driver/Src/stm32f1xx_hal_i2c.c">
			<Option compilerVar="CC" />
		</Unit>
		<Unit filename="thirdparty/STM32F1xx_HAL_Driver/Src/stm32f1xx_hal_i2s.c">
			<Option compilerVar="CC" />
		</Unit>
		<Unit filename="thirdparty/STM32F1xx_HAL_Driver/Src/stm32f1xx_hal_irda.c">
			<Option compilerVar="CC" />
		</Unit>
		<Unit filename="thirdparty/STM32F1xx_HAL_Driver/Src/stm32f1xx_hal_iwdg.c">
			<Option compilerVar="CC" />
		</Unit>
		<Unit filename="thirdparty/STM32F1xx_HAL_Driver/Src/stm32f1xx_hal_msp_template.c">
			<Option compilerVar="CC" />
		</Unit>
		<Unit filename="thirdparty/STM32F1xx_HAL_Driver/Src/stm32f1xx_hal_nand.c">
			<Option compilerVar="CC" />
		</Unit>
		<Unit filename="thirdparty/STM32F1xx_HAL_Driver/Src/stm32f1xx_hal_nor.c">
			<Option compilerVar="CC" />
		</Unit>
		<Unit filename="thirdparty/STM32F1xx_HAL_Driver/Src/stm32f1xx_hal_pccard.c">
			<Option compilerVar="CC" />
		</Unit>
		<Unit filename="thirdparty/STM32F1xx_HAL_Driver/Src/stm32f1xx_hal_pcd.c">
			<Option compilerVar="CC" />
		</Unit>
		<Unit filename="thirdparty/STM32F1xx_HAL_Driver/Src/stm32f1xx_hal_pcd_ex.c">
			<Option compilerVar="CC" />
		</Unit>
		<Unit filename="thirdparty/STM32F1xx_HAL_Driver/Src/stm32f1xx_hal_pwr.c">
			<Option compilerVar="CC" />
		</Unit>
		<Unit filename="thirdparty/STM32F1xx_HAL_Driver/Src/stm32f1xx_hal_rcc.c">
			<Option compilerVar="CC" />
		</Unit>
		<Unit filename="thirdparty/STM32F1xx_HAL_Driver/Src/stm32f1xx_hal_rcc_ex.c">
			<Option compilerVar="CC" />
		</Unit>
		<Unit filename="thirdparty/STM32F1xx_HAL_Driver/Src/stm32f1xx_hal_rtc.c">
			<Option compilerVar="CC" />
		</Unit>
		<Unit filename="thirdparty/STM32F1xx_HAL_Driver/Src/stm32f1xx_hal_rtc_ex.c">
			<Option compilerVar="CC" />
		</Unit>
		<Unit filename="thirdparty/STM32F1xx_HAL_Driver/Src/stm32f1xx_hal_sd.c">
			<Option compilerVar="CC" />
		</Unit>
		<Unit filename="thirdparty/STM32F1xx_HAL_Driver/Src/stm32f1xx_hal_smartcard.c">
			<Option compilerVar="CC" />
		</Unit>
		<Unit filename="thirdparty/STM32F1xx_HAL_Driver/Src/stm32f1xx_hal_spi.c">
			<Option compilerVar="CC" />
		</Unit>
		<Unit filename="thirdparty/STM32F1xx_HAL_Driver/Src/stm32f1xx_hal_spi_ex.c">
			<Option compilerVar="CC" />
		</Unit>
		<Unit filename="thirdparty/STM32F1xx_HAL_Driver/Src/stm32f1xx_hal_sram.c">
			<Option compilerVar="CC" />
		</Unit>
		<Unit filename="thirdparty/STM32F1xx_HAL_Driver/Src/stm32f1xx_hal_tim.c">
			<Option compilerVar="CC" />
		</Unit>
		<Unit filename="thirdparty/STM32F1xx_HAL_Driver/Src/stm32f1xx_hal_tim_ex.c">
			<Option compilerVar="CC" />
		</Unit>
		<Unit filename="thirdparty/STM32F1xx_HAL_Driver/Src/stm32f1xx_hal_uart.c">
			<Option compilerVar="CC" />
		</Unit>
		<Unit filename="thirdparty/STM32F1xx_HAL_Driver/Src/stm32f1xx_hal_usart.c">
			<Option compilerVar="CC" />
		</Unit>
		<Unit filename="thirdparty/STM32F1xx_HAL_Driver/Src/stm32f1xx_hal_wwdg.c">
			<Option compilerVar="CC" />
		</Unit>
		<Unit filename="thirdparty/STM32F1xx_HAL_Driver/Src/stm32f1xx_ll_fsmc.c">
			<Option compilerVar="CC" />
		</Unit>
		<Unit filename="thirdparty/STM32F1xx_HAL_Driver/Src/stm32f1xx_ll_sdmmc.c">
			<Option compilerVar="CC" />
		</Unit>
		<Unit filename="thirdparty/STM32F1xx_HAL_Driver/Src/stm32f1xx_ll_usb.c">
			<Option compilerVar="CC" />
		</Unit>
		<Unit filename="thirdparty/freertos/portable/readme.txt" />
		<Unit filename="thirdparty/freertos/readme.txt" />
		<Extensions>
			<envvars />
			<code_completion />
			<debugger>
				<remote_debugging>
					<options conn_type="0" serial_baud="115200" ip_address="localhost" ip_port="3333" additional_cmds='set remote hardware-breakpoint-limit 4&#x0A;set remote hardware-watchpoint-limit 2&#x0A;set mem inaccessible-by-default off&#x0A;monitor reset init&#x0A;monitor halt&#x0A;monitor arm semihosting enable&#x0A;symbol-file &quot;./bin/Debug/CM3&quot;&#x0A;load &quot;./bin/Debug/CM3&quot;&#x0A;tbreak main&#x0A;monitor reset halt&#x0A;monitor halt&#x0A;continue' extended_remote="1" additional_shell_cmds_before="lxterminal -e st-util -p 3333&amp;" />
				</remote_debugging>
				<remote_debugging target="Debug">
					<options conn_type="0" serial_baud="115200" ip_address="127.0.0.1" ip_port="3333" extended_remote="1" />
				</remote_debugging>
			</debugger>
			<lib_finder disable_auto="1" />
			<AutoVersioning>
				<Scheme minor_max="10" build_max="0" rev_max="0" rev_rand_max="10" build_times_to_increment_minor="100" />
				<Settings autoincrement="1" date_declarations="1" use_define="1" update_manifest="1" do_auto_increment="0" ask_to_increment="0" language="C" svn="0" svn_directory="" header_path="version.h" />
				<Changes_Log show_changes_editor="0" app_title="released version %M.%m.%b of %p" changeslog_path="ChangesLog.txt" />
				<Code header_guard="VERSION_H" namespace="AutoVersion" prefix="" />
			</AutoVersioning>
		</Extensions>
	</Project>
</CodeBlocks_project_file>
